{
  "name": "ztotp",
  "version": "2.1.0",
  "lockfileVersion": 1,
  "requires": true,
  "dependencies": {
    "buf-b32": {
      "version": "1.0.1",
      "resolved": "https://registry.npmjs.org/buf-b32/-/buf-b32-1.0.1.tgz",
      "integrity": "sha512-YTROYEHWvvL9dDwsx9n+0/O5lWCN9AvVHCelQAxmLJdjdxW9przLhdusJzoMTLud+h8cFEaoCF5uAZux64gmKw=="
    }
  }
}
