{
  "name": "ztotp",
  "version": "2.2.0",
  "lockfileVersion": 1,
  "requires": true,
  "dependencies": {
    "buf-b32": {
      "version": "2.0.4",
      "resolved": "https://registry.npmjs.org/buf-b32/-/buf-b32-2.0.4.tgz",
      "integrity": "sha512-rn/9XVvAbmOhi9rDtGOMa0sNpuxrndKXDB484mzycrVqzYuJfEwP7j/3tfst4k4D3eN7pFses7AzsK7o9SPOew=="
    }
  }
}
